
Microsoft Visual Studio Solution File, Format Version 12.00
# Visual Studio 15
VisualStudioVersion = 15.0.26124.0
MinimumVisualStudioVersion = 15.0.26124.0
Project("{FAE04EC0-301F-11D3-BF4B-00C04F79EFBC}") = "Calculator.Mobile", "Calculator.Mobile\Calculator.Mobile.csproj", "{75CECECA-2508-4AFB-A804-70509C7772A1}"
EndProject
Project("{FAE04EC0-301F-11D3-BF4B-00C04F79EFBC}") = "Calculator.Mobile.Android", "Calculator.Mobile.Android\Calculator.Mobile.Android.csproj", "{4BF6FD8F-A6E4-4C95-A96C-F9D2DFEC9868}"
EndProject
Project("{FAE04EC0-301F-11D3-BF4B-00C04F79EFBC}") = "Calculator.Mobile.iOS", "Calculator.Mobile.iOS\Calculator.Mobile.iOS.csproj", "{E64E69FC-C9CE-402E-A7C0-D1DE9E966132}"
EndProject
Project("{FAE04EC0-301F-11D3-BF4B-00C04F79EFBC}") = "Calculator.Web", "Calculator.Web\Calculator.Web.csproj", "{3F69A7E6-1316-4780-9289-E982174BE9C0}"
EndProject
Global
	GlobalSection(SolutionConfigurationPlatforms) = preSolution
		Debug|Any CPU = Debug|Any CPU
		Debug|x64 = Debug|x64
		Debug|x86 = Debug|x86
		Release|Any CPU = Release|Any CPU
		Release|x64 = Release|x64
		Release|x86 = Release|x86
		Debug|iPhoneSimulator = Debug|iPhoneSimulator
		Release|iPhoneSimulator = Release|iPhoneSimulator
		Debug|iPhone = Debug|iPhone
		Release|iPhone = Release|iPhone
	EndGlobalSection
	GlobalSection(SolutionProperties) = preSolution
		HideSolutionNode = FALSE
	EndGlobalSection
	GlobalSection(ProjectConfigurationPlatforms) = postSolution
		{75CECECA-2508-4AFB-A804-70509C7772A1}.Debug|Any CPU.ActiveCfg = Debug|Any CPU
		{75CECECA-2508-4AFB-A804-70509C7772A1}.Debug|Any CPU.Build.0 = Debug|Any CPU
		{75CECECA-2508-4AFB-A804-70509C7772A1}.Debug|x64.ActiveCfg = Debug|Any CPU
		{75CECECA-2508-4AFB-A804-70509C7772A1}.Debug|x64.Build.0 = Debug|Any CPU
		{75CECECA-2508-4AFB-A804-70509C7772A1}.Debug|x86.ActiveCfg = Debug|Any CPU
		{75CECECA-2508-4AFB-A804-70509C7772A1}.Debug|x86.Build.0 = Debug|Any CPU
		{75CECECA-2508-4AFB-A804-70509C7772A1}.Release|Any CPU.ActiveCfg = Release|Any CPU
		{75CECECA-2508-4AFB-A804-70509C7772A1}.Release|Any CPU.Build.0 = Release|Any CPU
		{75CECECA-2508-4AFB-A804-70509C7772A1}.Release|x64.ActiveCfg = Release|Any CPU
		{75CECECA-2508-4AFB-A804-70509C7772A1}.Release|x64.Build.0 = Release|Any CPU
		{75CECECA-2508-4AFB-A804-70509C7772A1}.Release|x86.ActiveCfg = Release|Any CPU
		{75CECECA-2508-4AFB-A804-70509C7772A1}.Release|x86.Build.0 = Release|Any CPU
		{75CECECA-2508-4AFB-A804-70509C7772A1}.Debug|iPhoneSimulator.ActiveCfg = Debug|Any CPU
		{75CECECA-2508-4AFB-A804-70509C7772A1}.Debug|iPhoneSimulator.Build.0 = Debug|Any CPU
		{75CECECA-2508-4AFB-A804-70509C7772A1}.Release|iPhoneSimulator.ActiveCfg = Release|Any CPU
		{75CECECA-2508-4AFB-A804-70509C7772A1}.Release|iPhoneSimulator.Build.0 = Release|Any CPU
		{75CECECA-2508-4AFB-A804-70509C7772A1}.Debug|iPhone.ActiveCfg = Debug|Any CPU
		{75CECECA-2508-4AFB-A804-70509C7772A1}.Debug|iPhone.Build.0 = Debug|Any CPU
		{75CECECA-2508-4AFB-A804-70509C7772A1}.Release|iPhone.ActiveCfg = Release|Any CPU
		{75CECECA-2508-4AFB-A804-70509C7772A1}.Release|iPhone.Build.0 = Release|Any CPU
		{4BF6FD8F-A6E4-4C95-A96C-F9D2DFEC9868}.Debug|Any CPU.ActiveCfg = Debug|Any CPU
		{4BF6FD8F-A6E4-4C95-A96C-F9D2DFEC9868}.Debug|Any CPU.Build.0 = Debug|Any CPU
		{4BF6FD8F-A6E4-4C95-A96C-F9D2DFEC9868}.Debug|x64.ActiveCfg = Debug|Any CPU
		{4BF6FD8F-A6E4-4C95-A96C-F9D2DFEC9868}.Debug|x64.Build.0 = Debug|Any CPU
		{4BF6FD8F-A6E4-4C95-A96C-F9D2DFEC9868}.Debug|x86.ActiveCfg = Debug|Any CPU
		{4BF6FD8F-A6E4-4C95-A96C-F9D2DFEC9868}.Debug|x86.Build.0 = Debug|Any CPU
		{4BF6FD8F-A6E4-4C95-A96C-F9D2DFEC9868}.Release|Any CPU.ActiveCfg = Release|Any CPU
		{4BF6FD8F-A6E4-4C95-A96C-F9D2DFEC9868}.Release|Any CPU.Build.0 = Release|Any CPU
		{4BF6FD8F-A6E4-4C95-A96C-F9D2DFEC9868}.Release|x64.ActiveCfg = Release|Any CPU
		{4BF6FD8F-A6E4-4C95-A96C-F9D2DFEC9868}.Release|x64.Build.0 = Release|Any CPU
		{4BF6FD8F-A6E4-4C95-A96C-F9D2DFEC9868}.Release|x86.ActiveCfg = Release|Any CPU
		{4BF6FD8F-A6E4-4C95-A96C-F9D2DFEC9868}.Release|x86.Build.0 = Release|Any CPU
		{4BF6FD8F-A6E4-4C95-A96C-F9D2DFEC9868}.Debug|iPhoneSimulator.ActiveCfg = Debug|Any CPU
		{4BF6FD8F-A6E4-4C95-A96C-F9D2DFEC9868}.Debug|iPhoneSimulator.Build.0 = Debug|Any CPU
		{4BF6FD8F-A6E4-4C95-A96C-F9D2DFEC9868}.Release|iPhoneSimulator.ActiveCfg = Release|Any CPU
		{4BF6FD8F-A6E4-4C95-A96C-F9D2DFEC9868}.Release|iPhoneSimulator.Build.0 = Release|Any CPU
		{4BF6FD8F-A6E4-4C95-A96C-F9D2DFEC9868}.Debug|iPhone.ActiveCfg = Debug|Any CPU
		{4BF6FD8F-A6E4-4C95-A96C-F9D2DFEC9868}.Debug|iPhone.Build.0 = Debug|Any CPU
		{4BF6FD8F-A6E4-4C95-A96C-F9D2DFEC9868}.Release|iPhone.ActiveCfg = Release|Any CPU
		{4BF6FD8F-A6E4-4C95-A96C-F9D2DFEC9868}.Release|iPhone.Build.0 = Release|Any CPU
		{E64E69FC-C9CE-402E-A7C0-D1DE9E966132}.Debug|Any CPU.ActiveCfg = Debug|iPhoneSimulator
		{E64E69FC-C9CE-402E-A7C0-D1DE9E966132}.Debug|Any CPU.Build.0 = Debug|iPhoneSimulator
		{E64E69FC-C9CE-402E-A7C0-D1DE9E966132}.Debug|x64.ActiveCfg = Debug|iPhoneSimulator
		{E64E69FC-C9CE-402E-A7C0-D1DE9E966132}.Debug|x64.Build.0 = Debug|iPhoneSimulator
		{E64E69FC-C9CE-402E-A7C0-D1DE9E966132}.Debug|x86.ActiveCfg = Debug|iPhoneSimulator
		{E64E69FC-C9CE-402E-A7C0-D1DE9E966132}.Debug|x86.Build.0 = Debug|iPhoneSimulator
		{E64E69FC-C9CE-402E-A7C0-D1DE9E966132}.Release|Any CPU.ActiveCfg = Release|iPhoneSimulator
		{E64E69FC-C9CE-402E-A7C0-D1DE9E966132}.Release|Any CPU.Build.0 = Release|iPhoneSimulator
		{E64E69FC-C9CE-402E-A7C0-D1DE9E966132}.Release|x64.ActiveCfg = Release|iPhoneSimulator
		{E64E69FC-C9CE-402E-A7C0-D1DE9E966132}.Release|x64.Build.0 = Release|iPhoneSimulator
		{E64E69FC-C9CE-402E-A7C0-D1DE9E966132}.Release|x86.ActiveCfg = Release|iPhoneSimulator
		{E64E69FC-C9CE-402E-A7C0-D1DE9E966132}.Release|x86.Build.0 = Release|iPhoneSimulator
		{E64E69FC-C9CE-402E-A7C0-D1DE9E966132}.Debug|iPhoneSimulator.ActiveCfg = Debug|iPhoneSimulator
		{E64E69FC-C9CE-402E-A7C0-D1DE9E966132}.Debug|iPhoneSimulator.Build.0 = Debug|iPhoneSimulator
		{E64E69FC-C9CE-402E-A7C0-D1DE9E966132}.Release|iPhoneSimulator.ActiveCfg = Release|iPhoneSimulator
		{E64E69FC-C9CE-402E-A7C0-D1DE9E966132}.Release|iPhoneSimulator.Build.0 = Release|iPhoneSimulator
		{E64E69FC-C9CE-402E-A7C0-D1DE9E966132}.Debug|iPhone.ActiveCfg = Debug|iPhone
		{E64E69FC-C9CE-402E-A7C0-D1DE9E966132}.Debug|iPhone.Build.0 = Debug|iPhone
		{E64E69FC-C9CE-402E-A7C0-D1DE9E966132}.Release|iPhone.ActiveCfg = Release|iPhone
		{E64E69FC-C9CE-402E-A7C0-D1DE9E966132}.Release|iPhone.Build.0 = Release|iPhone
		{3F69A7E6-1316-4780-9289-E982174BE9C0}.Debug|Any CPU.ActiveCfg = Debug|Any CPU
		{3F69A7E6-1316-4780-9289-E982174BE9C0}.Debug|Any CPU.Build.0 = Debug|Any CPU
		{3F69A7E6-1316-4780-9289-E982174BE9C0}.Debug|x64.ActiveCfg = Debug|Any CPU
		{3F69A7E6-1316-4780-9289-E982174BE9C0}.Debug|x64.Build.0 = Debug|Any CPU
		{3F69A7E6-1316-4780-9289-E982174BE9C0}.Debug|x86.ActiveCfg = Debug|Any CPU
		{3F69A7E6-1316-4780-9289-E982174BE9C0}.Debug|x86.Build.0 = Debug|Any CPU
		{3F69A7E6-1316-4780-9289-E982174BE9C0}.Release|Any CPU.ActiveCfg = Release|Any CPU
		{3F69A7E6-1316-4780-9289-E982174BE9C0}.Release|Any CPU.Build.0 = Release|Any CPU
		{3F69A7E6-1316-4780-9289-E982174BE9C0}.Release|x64.ActiveCfg = Release|Any CPU
		{3F69A7E6-1316-4780-9289-E982174BE9C0}.Release|x64.Build.0 = Release|Any CPU
		{3F69A7E6-1316-4780-9289-E982174BE9C0}.Release|x86.ActiveCfg = Release|Any CPU
		{3F69A7E6-1316-4780-9289-E982174BE9C0}.Release|x86.Build.0 = Release|Any CPU
		{3F69A7E6-1316-4780-9289-E982174BE9C0}.Debug|iPhoneSimulator.ActiveCfg = Debug|Any CPU
		{3F69A7E6-1316-4780-9289-E982174BE9C0}.Debug|iPhoneSimulator.Build.0 = Debug|Any CPU
		{3F69A7E6-1316-4780-9289-E982174BE9C0}.Release|iPhoneSimulator.ActiveCfg = Release|Any CPU
		{3F69A7E6-1316-4780-9289-E982174BE9C0}.Release|iPhoneSimulator.Build.0 = Release|Any CPU
		{3F69A7E6-1316-4780-9289-E982174BE9C0}.Debug|iPhone.ActiveCfg = Debug|Any CPU
		{3F69A7E6-1316-4780-9289-E982174BE9C0}.Debug|iPhone.Build.0 = Debug|Any CPU
		{3F69A7E6-1316-4780-9289-E982174BE9C0}.Release|iPhone.ActiveCfg = Release|Any CPU
		{3F69A7E6-1316-4780-9289-E982174BE9C0}.Release|iPhone.Build.0 = Release|Any CPU
	EndGlobalSection
	GlobalSection(NestedProjects) = preSolution
	EndGlobalSection
EndGlobal
